117bac03a25ede5df5440e855b32d556049ca169ead221505badf432fed4b101  annotated_doc-0.0.5-py3-none-any.whl
f072f4d804ea359e4eaf198b1af7a8b0943881a87f31bb764f8bf219bb9419e0  annotated_types-0.8.0-py3-none-any.whl
6152fdbbf9a77fdec97731721bebf7c4c44f7c29b424b0065826173efc7ed101  anyio-4.15.1-py3-none-any.whl
c647aa4a12dfbad9333ca4e71fe62ddc36f4e63b2d260a37a8b83d2f043ac309  attrs-26.1.0-py3-none-any.whl
611f0a17aa4a25a69362dcc299fda5c8a3d4f160e2abb3831041feb77393a14a  bcrypt-5.0.0-cp39-abi3-manylinux_2_34_x86_64.whl
255bc9599cf7748b4b1a446ccc735421bd08a2ae529a8b88597d3de5664ee360  click-8.5.0-py3-none-any.whl
6d1e703698443ccb89e50abe4893f3c84d9d6689c0cf1ca4fad6d3c15cf69f15  fastapi-0.124.4-py3-none-any.whl
bd249d0b3f7972f7432f0a6b6ff3b3ee2d129f70cd1ff6c09a9dd9e29a2b88e3  gunicorn-26.2.0-py3-none-any.whl
63cf8bbe7522de3bf65932fda1d9c2772064ffb3dae62d55932da54b31cb6c86  h11-0.16.0-py3-none-any.whl
b68fb053b37c258a473ab67f4965c3b439500dc160fe364667035a6833eaf50a  httptools-0.9.0-cp311-cp311-manylinux1_x86_64.manylinux_2_28_x86_64.manylinux_2_5_x86_64.whl
ab7ae7122974553370f0bdb919e1a960b2cd1bc1ef0276416d896db81c14582c  idna-3.20-py3-none-any.whl
fbadb6f8b144a8f8cf9f0b89ba94501d143e50411a1278633f56a7acf7fd5566  jsonschema-4.23.0-py3-none-any.whl
98802fee3a11ee76ecaca44429fda8a41bff98b00a0f2838151b113f210cc6fe  jsonschema_specifications-2025.9.1-py3-none-any.whl
15fab1bea6f1dc5003b54fc2ecab230c1fd1dbade2acd4addc52d81e32416d4b  pydantic-2.14.0-py3-none-any.whl
ac223ea031905319a64d0df116979ae438b42d6265862a3d63c9f9808c2905a7  pydantic_core-2.50.0-cp311-cp311-manylinux_2_17_x86_64.manylinux2014_x86_64.whl
42269a8a5b3fd54ffa6f3d84b18abed50064717576b4ecf03dc4a55d8aa04fdc  python_dotenv-1.2.4-py3-none-any.whl
97ca7b8ea7b05f977dc3849c3ba99d51689822fab725c3703af7c866a0c2b215  python_multipart-0.0.9-py3-none-any.whl
b8bb0864c5a28024fac8a632c443c87c5aa6f215c0b126c449ae1a150412f31d  pyyaml-6.0.3-cp311-cp311-manylinux2014_x86_64.manylinux_2_17_x86_64.manylinux_2_28_x86_64.whl
381329a9f99628c9069361716891d34ad94af76e461dcb0335825aecc7692231  referencing-0.37.0-py3-none-any.whl
136a1c3fe4402b7008bc81cb62ee538481795b61a7e83df88dff3b3f02b726ff  rpds_py-2026.9.1-cp311-cp311-manylinux_2_17_x86_64.manylinux2014_x86_64.whl
6e4998f8b4762acdfea85f9bfd5b4032e0bb50038dc04bf82011b42d5d1145c5  semver-3.1.0-py3-none-any.whl
9e5391843ec9b6e472eed1365a78c8098cfceb7a74bfd4d6b1c0c0095efb3bca  starlette-0.50.0-py3-none-any.whl
481caa481374e813c1b176ada14e97f1f67a4539ce9cfeb3f350d78d6370c2e8  typing_extensions-4.16.0-py3-none-any.whl
65b8397ba37ccbce054456aaccddfc91e6e3083c92824df348d96ca832f3f147  typing_inspection-0.4.4-py3-none-any.whl
65fd46fe3fda5bdc1b03b94eb634923ff18cd35b2f084813ea79d1f103f711b5  uvicorn-0.30.6-py3-none-any.whl
ab17b3a8aa754be0de0e397f7b95f13b14e56f077a4c6ae295e3d4afd199b325  uvloop-0.23.0-cp311-cp311-manylinux2014_x86_64.manylinux_2_17_x86_64.manylinux_2_28_x86_64.whl
b5768b49e426fd5b550b012c866db347cdf15c398ef98dc557b6e6b72fa74cd1  watchfiles-1.3.0-cp310-abi3-manylinux_2_17_x86_64.manylinux2014_x86_64.whl
17b44cc997f5c498e809b22cdf2d9c7a9e71c02c8cc2b6c56e7c2d1239bfa526  websocket_client-1.8.0-py3-none-any.whl
0c84bdef916556cbe1d5a43b423398be4dd3cba6522b463e53d848578b920695  websockets-17.1-cp311-cp311-manylinux1_x86_64.manylinux_2_28_x86_64.manylinux_2_5_x86_64.whl
